
Microsoft Visual Studio Solution File, Format Version 12.00
# Visual Studio 15
VisualStudioVersion = 15.0.26730.10
MinimumVisualStudioVersion = 10.0.40219.1
Project("{8BC9CEB8-8B4A-11D0-8D11-00A0C91BC942}") = "ConsoleApplication2", "ConsoleApplication2\ConsoleApplication2.vcxproj", "{262B4E14-55E5-464B-9F0F-7D95225D9E75}"
EndProject
Global
	GlobalSection(SolutionConfigurationPlatforms) = preSolution
		Debug|x64 = Debug|x64
		Debug|x86 = Debug|x86
		Release|x64 = Release|x64
		Release|x86 = Release|x86
	EndGlobalSection
	GlobalSection(ProjectConfigurationPlatforms) = postSolution
		{262B4E14-55E5-464B-9F0F-7D95225D9E75}.Debug|x64.ActiveCfg = Debug|x64
		{262B4E14-55E5-464B-9F0F-7D95225D9E75}.Debug|x64.Build.0 = Debug|x64
		{262B4E14-55E5-464B-9F0F-7D95225D9E75}.Debug|x86.ActiveCfg = Debug|Win32
		{262B4E14-55E5-464B-9F0F-7D95225D9E75}.Debug|x86.Build.0 = Debug|Win32
		{262B4E14-55E5-464B-9F0F-7D95225D9E75}.Release|x64.ActiveCfg = Release|x64
		{262B4E14-55E5-464B-9F0F-7D95225D9E75}.Release|x64.Build.0 = Release|x64
		{262B4E14-55E5-464B-9F0F-7D95225D9E75}.Release|x86.ActiveCfg = Release|Win32
		{262B4E14-55E5-464B-9F0F-7D95225D9E75}.Release|x86.Build.0 = Release|Win32
	EndGlobalSection
	GlobalSection(SolutionProperties) = preSolution
		HideSolutionNode = FALSE
	EndGlobalSection
	GlobalSection(ExtensibilityGlobals) = postSolution
		SolutionGuid = {DCAE5366-CC15-4E4F-84FC-D441A76520D4}
	EndGlobalSection
EndGlobal
